// !$*UTF8*$!
{
	archiveVersion = 1;
	classes = {
	};
	objectVersion = 50;
	objects = {

/* Begin PBXBuildFile section */
		29A5AA8E24B1E599003CD63D /* AppDelegate.swift in Sources */ = {isa = PBXBuildFile; fileRef = 29A5AA8D24B1E599003CD63D /* AppDelegate.swift */; };
		29A5AA9024B1E599003CD63D /* SceneDelegate.swift in Sources */ = {isa = PBXBuildFile; fileRef = 29A5AA8F24B1E599003CD63D /* SceneDelegate.swift */; };
		29A5AA9324B1E599003CD63D /* XCodeStarterProject.xcdatamodeld in Sources */ = {isa = PBXBuildFile; fileRef = 29A5AA9124B1E599003CD63D /* XCodeStarterProject.xcdatamodeld */; };
		29A5AA9524B1E599003CD63D /* ContentView.swift in Sources */ = {isa = PBXBuildFile; fileRef = 29A5AA9424B1E599003CD63D /* ContentView.swift */; };
		29A5AA9724B1E59E003CD63D /* Assets.xcassets in Resources */ = {isa = PBXBuildFile; fileRef = 29A5AA9624B1E59E003CD63D /* Assets.xcassets */; };
		29A5AA9A24B1E59E003CD63D /* Preview Assets.xcassets in Resources */ = {isa = PBXBuildFile; fileRef = 29A5AA9924B1E59E003CD63D /* Preview Assets.xcassets */; };
		29A5AA9D24B1E59E003CD63D /* LaunchScreen.storyboard in Resources */ = {isa = PBXBuildFile; fileRef = 29A5AA9B24B1E59E003CD63D /* LaunchScreen.storyboard */; };
		29A5AAA824B1E59E003CD63D /* XCodeStarterProjectTests.swift in Sources */ = {isa = PBXBuildFile; fileRef = 29A5AAA724B1E59E003CD63D /* XCodeStarterProjectTests.swift */; };
		29A5AAB324B1E59E003CD63D /* XCodeStarterProjectUITests.swift in Sources */ = {isa = PBXBuildFile; fileRef = 29A5AAB224B1E59E003CD63D /* XCodeStarterProjectUITests.swift */; };
/* End PBXBuildFile section */

/* Begin PBXContainerItemProxy section */
		29A5AAA424B1E59E003CD63D /* PBXContainerItemProxy */ = {
			isa = PBXContainerItemProxy;
			containerPortal = 29A5AA8224B1E599003CD63D /* Project object */;
			proxyType = 1;
			remoteGlobalIDString = 29A5AA8924B1E599003CD63D;
			remoteInfo = XCodeStarterProject;
		};
		29A5AAAF24B1E59E003CD63D /* PBXContainerItemProxy */ = {
			isa = PBXContainerItemProxy;
			containerPortal = 29A5AA8224B1E599003CD63D /* Project object */;
			proxyType = 1;
			remoteGlobalIDString = 29A5AA8924B1E599003CD63D;
			remoteInfo = XCodeStarterProject;
		};
/* End PBXContainerItemProxy section */

/* Begin PBXFileReference section */
		29A5AA8A24B1E599003CD63D /* XCodeStarterProject.app */ = {isa = PBXFileReference; explicitFileType = wrapper.application; includeInIndex = 0; path = XCodeStarterProject.app; sourceTree = BUILT_PRODUCTS_DIR; };
		29A5AA8D24B1E599003CD63D /* AppDelegate.swift */ = {isa = PBXFileReference; lastKnownFileType = sourcecode.swift; path = AppDelegate.swift; sourceTree = "<group>"; };
		29A5AA8F24B1E599003CD63D /* SceneDelegate.swift */ = {isa = PBXFileReference; lastKnownFileType = sourcecode.swift; path = SceneDelegate.swift; sourceTree = "<group>"; };
		29A5AA9224B1E599003CD63D /* XCodeStarterProject.xcdatamodel */ = {isa = PBXFileReference; lastKnownFileType = wrapper.xcdatamodel; path = XCodeStarterProject.xcdatamodel; sourceTree = "<group>"; };
		29A5AA9424B1E599003CD63D /* ContentView.swift */ = {isa = PBXFileReference; lastKnownFileType = sourcecode.swift; path = ContentView.swift; sourceTree = "<group>"; };
		29A5AA9624B1E59E003CD63D /* Assets.xcassets */ = {isa = PBXFileReference; lastKnownFileType = folder.assetcatalog; path = Assets.xcassets; sourceTree = "<group>"; };
		29A5AA9924B1E59E003CD63D /* Preview Assets.xcassets */ = {isa = PBXFileReference; lastKnownFileType = folder.assetcatalog; path = "Preview Assets.xcassets"; sourceTree = "<group>"; };
		29A5AA9C24B1E59E003CD63D /* Base */ = {isa = PBXFileReference; lastKnownFileType = file.storyboard; name = Base; path = Base.lproj/LaunchScreen.storyboard; sourceTree = "<group>"; };
		29A5AA9E24B1E59E003CD63D /* Info.plist */ = {isa = PBXFileReference; lastKnownFileType = text.plist.xml; path = Info.plist; sourceTree = "<group>"; };
		29A5AAA324B1E59E003CD63D /* XCodeStarterProjectTests.xctest */ = {isa = PBXFileReference; explicitFileType = wrapper.cfbundle; includeInIndex = 0; path = XCodeStarterProjectTests.xctest; sourceTree = BUILT_PRODUCTS_DIR; };
		29A5AAA724B1E59E003CD63D /* XCodeStarterProjectTests.swift */ = {isa = PBXFileReference; lastKnownFileType = sourcecode.swift; path = XCodeStarterProjectTests.swift; sourceTree = "<group>"; };
		29A5AAA924B1E59E003CD63D /* Info.plist */ = {isa = PBXFileReference; lastKnownFileType = text.plist.xml; path = Info.plist; sourceTree = "<group>"; };
		29A5AAAE24B1E59E003CD63D /* XCodeStarterProjectUITests.xctest */ = {isa = PBXFileReference; explicitFileType = wrapper.cfbundle; includeInIndex = 0; path = XCodeStarterProjectUITests.xctest; sourceTree = BUILT_PRODUCTS_DIR; };
		29A5AAB224B1E59E003CD63D /* XCodeStarterProjectUITests.swift */ = {isa = PBXFileReference; lastKnownFileType = sourcecode.swift; path = XCodeStarterProjectUITests.swift; sourceTree = "<group>"; };
		29A5AAB424B1E59E003CD63D /* Info.plist */ = {isa = PBXFileReference; lastKnownFileType = text.plist.xml; path = Info.plist; sourceTree = "<group>"; };
/* End PBXFileReference section */

/* Begin PBXFrameworksBuildPhase section */
		29A5AA8724B1E599003CD63D /* Frameworks */ = {
			isa = PBXFrameworksBuildPhase;
			buildActionMask = 2147483647;
			files = (
			);
			runOnlyForDeploymentPostprocessing = 0;
		};
		29A5AAA024B1E59E003CD63D /* Frameworks */ = {
			isa = PBXFrameworksBuildPhase;
			buildActionMask = 2147483647;
			files = (
			);
			runOnlyForDeploymentPostprocessing = 0;
		};
		29A5AAAB24B1E59E003CD63D /* Frameworks */ = {
			isa = PBXFrameworksBuildPhase;
			buildActionMask = 2147483647;
			files = (
			);
			runOnlyForDeploymentPostprocessing = 0;
		};
/* End PBXFrameworksBuildPhase section */

/* Begin PBXGroup section */
		29A5AA8124B1E599003CD63D = {
			isa = PBXGroup;
			children = (
				29A5AA8C24B1E599003CD63D /* XCodeStarterProject */,
				29A5AAA624B1E59E003CD63D /* XCodeStarterProjectTests */,
				29A5AAB124B1E59E003CD63D /* XCodeStarterProjectUITests */,
				29A5AA8B24B1E599003CD63D /* Products */,
			);
			sourceTree = "<group>";
		};
		29A5AA8B24B1E599003CD63D /* Products */ = {
			isa = PBXGroup;
			children = (
				29A5AA8A24B1E599003CD63D /* XCodeStarterProject.app */,
				29A5AAA324B1E59E003CD63D /* XCodeStarterProjectTests.xctest */,
				29A5AAAE24B1E59E003CD63D /* XCodeStarterProjectUITests.xctest */,
			);
			name = Products;
			sourceTree = "<group>";
		};
		29A5AA8C24B1E599003CD63D /* XCodeStarterProject */ = {
			isa = PBXGroup;
			children = (
				29A5AA8D24B1E599003CD63D /* AppDelegate.swift */,
				29A5AA8F24B1E599003CD63D /* SceneDelegate.swift */,
				29A5AA9424B1E599003CD63D /* ContentView.swift */,
				29A5AA9624B1E59E003CD63D /* Assets.xcassets */,
				29A5AA9B24B1E59E003CD63D /* LaunchScreen.storyboard */,
				29A5AA9E24B1E59E003CD63D /* Info.plist */,
				29A5AA9124B1E599003CD63D /* XCodeStarterProject.xcdatamodeld */,
				29A5AA9824B1E59E003CD63D /* Preview Content */,
			);
			path = XCodeStarterProject;
			sourceTree = "<group>";
		};
		29A5AA9824B1E59E003CD63D /* Preview Content */ = {
			isa = PBXGroup;
			children = (
				29A5AA9924B1E59E003CD63D /* Preview Assets.xcassets */,
			);
			path = "Preview Content";
			sourceTree = "<group>";
		};
		29A5AAA624B1E59E003CD63D /* XCodeStarterProjectTests */ = {
			isa = PBXGroup;
			children = (
				29A5AAA724B1E59E003CD63D /* XCodeStarterProjectTests.swift */,
				29A5AAA924B1E59E003CD63D /* Info.plist */,
			);
			path = XCodeStarterProjectTests;
			sourceTree = "<group>";
		};
		29A5AAB124B1E59E003CD63D /* XCodeStarterProjectUITests */ = {
			isa = PBXGroup;
			children = (
				29A5AAB224B1E59E003CD63D /* XCodeStarterProjectUITests.swift */,
				29A5AAB424B1E59E003CD63D /* Info.plist */,
			);
			path = XCodeStarterProjectUITests;
			sourceTree = "<group>";
		};
/* End PBXGroup section */

/* Begin PBXNativeTarget section */
		29A5AA8924B1E599003CD63D /* XCodeStarterProject */ = {
			isa = PBXNativeTarget;
			buildConfigurationList = 29A5AAB724B1E59E003CD63D /* Build configuration list for PBXNativeTarget "XCodeStarterProject" */;
			buildPhases = (
				29A5AA8624B1E599003CD63D /* Sources */,
				29A5AA8724B1E599003CD63D /* Frameworks */,
				29A5AA8824B1E599003CD63D /* Resources */,
			);
			buildRules = (
			);
			dependencies = (
			);
			name = XCodeStarterProject;
			productName = XCodeStarterProject;
			productReference = 29A5AA8A24B1E599003CD63D /* XCodeStarterProject.app */;
			productType = "com.apple.product-type.application";
		};
		29A5AAA224B1E59E003CD63D /* XCodeStarterProjectTests */ = {
			isa = PBXNativeTarget;
			buildConfigurationList = 29A5AABA24B1E59E003CD63D /* Build configuration list for PBXNativeTarget "XCodeStarterProjectTests" */;
			buildPhases = (
				29A5AA9F24B1E59E003CD63D /* Sources */,
				29A5AAA024B1E59E003CD63D /* Frameworks */,
				29A5AAA124B1E59E003CD63D /* Resources */,
			);
			buildRules = (
			);
			dependencies = (
				29A5AAA524B1E59E003CD63D /* PBXTargetDependency */,
			);
			name = XCodeStarterProjectTests;
			productName = XCodeStarterProjectTests;
			productReference = 29A5AAA324B1E59E003CD63D /* XCodeStarterProjectTests.xctest */;
			productType = "com.apple.product-type.bundle.unit-test";
		};
		29A5AAAD24B1E59E003CD63D /* XCodeStarterProjectUITests */ = {
			isa = PBXNativeTarget;
			buildConfigurationList = 29A5AABD24B1E59E003CD63D /* Build configuration list for PBXNativeTarget "XCodeStarterProjectUITests" */;
			buildPhases = (
				29A5AAAA24B1E59E003CD63D /* Sources */,
				29A5AAAB24B1E59E003CD63D /* Frameworks */,
				29A5AAAC24B1E59E003CD63D /* Resources */,
			);
			buildRules = (
			);
			dependencies = (
				29A5AAB024B1E59E003CD63D /* PBXTargetDependency */,
			);
			name = XCodeStarterProjectUITests;
			productName = XCodeStarterProjectUITests;
			productReference = 29A5AAAE24B1E59E003CD63D /* XCodeStarterProjectUITests.xctest */;
			productType = "com.apple.product-type.bundle.ui-testing";
		};
/* End PBXNativeTarget section */

/* Begin PBXProject section */
		29A5AA8224B1E599003CD63D /* Project object */ = {
			isa = PBXProject;
			attributes = {
				LastSwiftUpdateCheck = 1130;
				LastUpgradeCheck = 1130;
				ORGANIZATIONNAME = codebrust;
				TargetAttributes = {
					29A5AA8924B1E599003CD63D = {
						CreatedOnToolsVersion = 11.3.1;
					};
					29A5AAA224B1E59E003CD63D = {
						CreatedOnToolsVersion = 11.3.1;
						TestTargetID = 29A5AA8924B1E599003CD63D;
					};
					29A5AAAD24B1E59E003CD63D = {
						CreatedOnToolsVersion = 11.3.1;
						TestTargetID = 29A5AA8924B1E599003CD63D;
					};
				};
			};
			buildConfigurationList = 29A5AA8524B1E599003CD63D /* Build configuration list for PBXProject "XCodeStarterProject" */;
			compatibilityVersion = "Xcode 9.3";
			developmentRegion = en;
			hasScannedForEncodings = 0;
			knownRegions = (
				en,
				Base,
			);
			mainGroup = 29A5AA8124B1E599003CD63D;
			productRefGroup = 29A5AA8B24B1E599003CD63D /* Products */;
			projectDirPath = "";
			projectRoot = "";
			targets = (
				29A5AA8924B1E599003CD63D /* XCodeStarterProject */,
				29A5AAA224B1E59E003CD63D /* XCodeStarterProjectTests */,
				29A5AAAD24B1E59E003CD63D /* XCodeStarterProjectUITests */,
			);
		};
/* End PBXProject section */

/* Begin PBXResourcesBuildPhase section */
		29A5AA8824B1E599003CD63D /* Resources */ = {
			isa = PBXResourcesBuildPhase;
			buildActionMask = 2147483647;
			files = (
				29A5AA9D24B1E59E003CD63D /* LaunchScreen.storyboard in Resources */,
				29A5AA9A24B1E59E003CD63D /* Preview Assets.xcassets in Resources */,
				29A5AA9724B1E59E003CD63D /* Assets.xcassets in Resources */,
			);
			runOnlyForDeploymentPostprocessing = 0;
		};
		29A5AAA124B1E59E003CD63D /* Resources */ = {
			isa = PBXResourcesBuildPhase;
			buildActionMask = 2147483647;
			files = (
			);
			runOnlyForDeploymentPostprocessing = 0;
		};
		29A5AAAC24B1E59E003CD63D /* Resources */ = {
			isa = PBXResourcesBuildPhase;
			buildActionMask = 2147483647;
			files = (
			);
			runOnlyForDeploymentPostprocessing = 0;
		};
/* End PBXResourcesBuildPhase section */

/* Begin PBXSourcesBuildPhase section */
		29A5AA8624B1E599003CD63D /* Sources */ = {
			isa = PBXSourcesBuildPhase;
			buildActionMask = 2147483647;
			files = (
				29A5AA8E24B1E599003CD63D /* AppDelegate.swift in Sources */,
				29A5AA9324B1E599003CD63D /* XCodeStarterProject.xcdatamodeld in Sources */,
				29A5AA9524B1E599003CD63D /* ContentView.swift in Sources */,
				29A5AA9024B1E599003CD63D /* SceneDelegate.swift in Sources */,
			);
			runOnlyForDeploymentPostprocessing = 0;
		};
		29A5AA9F24B1E59E003CD63D /* Sources */ = {
			isa = PBXSourcesBuildPhase;
			buildActionMask = 2147483647;
			files = (
				29A5AAA824B1E59E003CD63D /* XCodeStarterProjectTests.swift in Sources */,
			);
			runOnlyForDeploymentPostprocessing = 0;
		};
		29A5AAAA24B1E59E003CD63D /* Sources */ = {
			isa = PBXSourcesBuildPhase;
			buildActionMask = 2147483647;
			files = (
				29A5AAB324B1E59E003CD63D /* XCodeStarterProjectUITests.swift in Sources */,
			);
			runOnlyForDeploymentPostprocessing = 0;
		};
/* End PBXSourcesBuildPhase section */

/* Begin PBXTargetDependency section */
		29A5AAA524B1E59E003CD63D /* PBXTargetDependency */ = {
			isa = PBXTargetDependency;
			target = 29A5AA8924B1E599003CD63D /* XCodeStarterProject */;
			targetProxy = 29A5AAA424B1E59E003CD63D /* PBXContainerItemProxy */;
		};
		29A5AAB024B1E59E003CD63D /* PBXTargetDependency */ = {
			isa = PBXTargetDependency;
			target = 29A5AA8924B1E599003CD63D /* XCodeStarterProject */;
			targetProxy = 29A5AAAF24B1E59E003CD63D /* PBXContainerItemProxy */;
		};
/* End PBXTargetDependency section */

/* Begin PBXVariantGroup section */
		29A5AA9B24B1E59E003CD63D /* LaunchScreen.storyboard */ = {
			isa = PBXVariantGroup;
			children = (
				29A5AA9C24B1E59E003CD63D /* Base */,
			);
			name = LaunchScreen.storyboard;
			sourceTree = "<group>";
		};
/* End PBXVariantGroup section */

/* Begin XCBuildConfiguration section */
		29A5AAB524B1E59E003CD63D /* Debug */ = {
			isa = XCBuildConfiguration;
			buildSettings = {
				ALWAYS_SEARCH_USER_PATHS = NO;
				CLANG_ANALYZER_NONNULL = YES;
				CLANG_ANALYZER_NUMBER_OBJECT_CONVERSION = YES_AGGRESSIVE;
				CLANG_CXX_LANGUAGE_STANDARD = "gnu++14";
				CLANG_CXX_LIBRARY = "libc++";
				CLANG_ENABLE_MODULES = YES;
				CLANG_ENABLE_OBJC_ARC = YES;
				CLANG_ENABLE_OBJC_WEAK = YES;
				CLANG_WARN_BLOCK_CAPTURE_AUTORELEASING = YES;
				CLANG_WARN_BOOL_CONVERSION = YES;
				CLANG_WARN_COMMA = YES;
				CLANG_WARN_CONSTANT_CONVERSION = YES;
				CLANG_WARN_DEPRECATED_OBJC_IMPLEMENTATIONS = YES;
				CLANG_WARN_DIRECT_OBJC_ISA_USAGE = YES_ERROR;
				CLANG_WARN_DOCUMENTATION_COMMENTS = YES;
				CLANG_WARN_EMPTY_BODY = YES;
				CLANG_WARN_ENUM_CONVERSION = YES;
				CLANG_WARN_INFINITE_RECURSION = YES;
				CLANG_WARN_INT_CONVERSION = YES;
				CLANG_WARN_NON_LITERAL_NULL_CONVERSION = YES;
				CLANG_WARN_OBJC_IMPLICIT_RETAIN_SELF = YES;
				CLANG_WARN_OBJC_LITERAL_CONVERSION = YES;
				CLANG_WARN_OBJC_ROOT_CLASS = YES_ERROR;
				CLANG_WARN_RANGE_LOOP_ANALYSIS = YES;
				CLANG_WARN_STRICT_PROTOTYPES = YES;
				CLANG_WARN_SUSPICIOUS_MOVE = YES;
				CLANG_WARN_UNGUARDED_AVAILABILITY = YES_AGGRESSIVE;
				CLANG_WARN_UNREACHABLE_CODE = YES;
				CLANG_WARN__DUPLICATE_METHOD_MATCH = YES;
				COPY_PHASE_STRIP = NO;
				DEBUG_INFORMATION_FORMAT = dwarf;
				ENABLE_STRICT_OBJC_MSGSEND = YES;
				ENABLE_TESTABILITY = YES;
				GCC_C_LANGUAGE_STANDARD = gnu11;
				GCC_DYNAMIC_NO_PIC = NO;
				GCC_NO_COMMON_BLOCKS = YES;
				GCC_OPTIMIZATION_LEVEL = 0;
				GCC_PREPROCESSOR_DEFINITIONS = (
					"DEBUG=1",
					"$(inherited)",
				);
				GCC_WARN_64_TO_32_BIT_CONVERSION = YES;
				GCC_WARN_ABOUT_RETURN_TYPE = YES_ERROR;
				GCC_WARN_UNDECLARED_SELECTOR = YES;
				GCC_WARN_UNINITIALIZED_AUTOS = YES_AGGRESSIVE;
				GCC_WARN_UNUSED_FUNCTION = YES;
				GCC_WARN_UNUSED_VARIABLE = YES;
				IPHONEOS_DEPLOYMENT_TARGET = 13.2;
				MTL_ENABLE_DEBUG_INFO = INCLUDE_SOURCE;
				MTL_FAST_MATH = YES;
				ONLY_ACTIVE_ARCH = YES;
				SDKROOT = iphoneos;
				SWIFT_ACTIVE_COMPILATION_CONDITIONS = DEBUG;
				SWIFT_OPTIMIZATION_LEVEL = "-Onone";
			};
			name = Debug;
		};
		29A5AAB624B1E59E003CD63D /* Release */ = {
			isa = XCBuildConfiguration;
			buildSettings = {
				ALWAYS_SEARCH_USER_PATHS = NO;
				CLANG_ANALYZER_NONNULL = YES;
				CLANG_ANALYZER_NUMBER_OBJECT_CONVERSION = YES_AGGRESSIVE;
				CLANG_CXX_LANGUAGE_STANDARD = "gnu++14";
				CLANG_CXX_LIBRARY = "libc++";
				CLANG_ENABLE_MODULES = YES;
				CLANG_ENABLE_OBJC_ARC = YES;
				CLANG_ENABLE_OBJC_WEAK = YES;
				CLANG_WARN_BLOCK_CAPTURE_AUTORELEASING = YES;
				CLANG_WARN_BOOL_CONVERSION = YES;
				CLANG_WARN_COMMA = YES;
				CLANG_WARN_CONSTANT_CONVERSION = YES;
				CLANG_WARN_DEPRECATED_OBJC_IMPLEMENTATIONS = YES;
				CLANG_WARN_DIRECT_OBJC_ISA_USAGE = YES_ERROR;
				CLANG_WARN_DOCUMENTATION_COMMENTS = YES;
				CLANG_WARN_EMPTY_BODY = YES;
				CLANG_WARN_ENUM_CONVERSION = YES;
				CLANG_WARN_INFINITE_RECURSION = YES;
				CLANG_WARN_INT_CONVERSION = YES;
				CLANG_WARN_NON_LITERAL_NULL_CONVERSION = YES;
				CLANG_WARN_OBJC_IMPLICIT_RETAIN_SELF = YES;
				CLANG_WARN_OBJC_LITERAL_CONVERSION = YES;
				CLANG_WARN_OBJC_ROOT_CLASS = YES_ERROR;
				CLANG_WARN_RANGE_LOOP_ANALYSIS = YES;
				CLANG_WARN_STRICT_PROTOTYPES = YES;
				CLANG_WARN_SUSPICIOUS_MOVE = YES;
				CLANG_WARN_UNGUARDED_AVAILABILITY = YES_AGGRESSIVE;
				CLANG_WARN_UNREACHABLE_CODE = YES;
				CLANG_WARN__DUPLICATE_METHOD_MATCH = YES;
				COPY_PHASE_STRIP = NO;
				DEBUG_INFORMATION_FORMAT = "dwarf-with-dsym";
				ENABLE_NS_ASSERTIONS = NO;
				ENABLE_STRICT_OBJC_MSGSEND = YES;
				GCC_C_LANGUAGE_STANDARD = gnu11;
				GCC_NO_COMMON_BLOCKS = YES;
				GCC_WARN_64_TO_32_BIT_CONVERSION = YES;
				GCC_WARN_ABOUT_RETURN_TYPE = YES_ERROR;
				GCC_WARN_UNDECLARED_SELECTOR = YES;
				GCC_WARN_UNINITIALIZED_AUTOS = YES_AGGRESSIVE;
				GCC_WARN_UNUSED_FUNCTION = YES;
				GCC_WARN_UNUSED_VARIABLE = YES;
				IPHONEOS_DEPLOYMENT_TARGET = 13.2;
				MTL_ENABLE_DEBUG_INFO = NO;
				MTL_FAST_MATH = YES;
				SDKROOT = iphoneos;
				SWIFT_COMPILATION_MODE = wholemodule;
				SWIFT_OPTIMIZATION_LEVEL = "-O";
				VALIDATE_PRODUCT = YES;
			};
			name = Release;
		};
		29A5AAB824B1E59E003CD63D /* Debug */ = {
			isa = XCBuildConfiguration;
			buildSettings = {
				ASSETCATALOG_COMPILER_APPICON_NAME = AppIcon;
				CODE_SIGN_STYLE = Automatic;
				DEVELOPMENT_ASSET_PATHS = "\"XCodeStarterProject/Preview Content\"";
				ENABLE_PREVIEWS = YES;
				INFOPLIST_FILE = XCodeStarterProject/Info.plist;
				LD_RUNPATH_SEARCH_PATHS = (
					"$(inherited)",
					"@executable_path/Frameworks",
				);
				PRODUCT_BUNDLE_IDENTIFIER = com.codebrust.starterproject.XCodeStarterProject;
				PRODUCT_NAME = "$(TARGET_NAME)";
				SWIFT_VERSION = 5.0;
				TARGETED_DEVICE_FAMILY = "1,2";
			};
			name = Debug;
		};
		29A5AAB924B1E59E003CD63D /* Release */ = {
			isa = XCBuildConfiguration;
			buildSettings = {
				ASSETCATALOG_COMPILER_APPICON_NAME = AppIcon;
				CODE_SIGN_STYLE = Automatic;
				DEVELOPMENT_ASSET_PATHS = "\"XCodeStarterProject/Preview Content\"";
				ENABLE_PREVIEWS = YES;
				INFOPLIST_FILE = XCodeStarterProject/Info.plist;
				LD_RUNPATH_SEARCH_PATHS = (
					"$(inherited)",
					"@executable_path/Frameworks",
				);
				PRODUCT_BUNDLE_IDENTIFIER = com.codebrust.starterproject.XCodeStarterProject;
				PRODUCT_NAME = "$(TARGET_NAME)";
				SWIFT_VERSION = 5.0;
				TARGETED_DEVICE_FAMILY = "1,2";
			};
			name = Release;
		};
		29A5AABB24B1E59E003CD63D /* Debug */ = {
			isa = XCBuildConfiguration;
			buildSettings = {
				ALWAYS_EMBED_SWIFT_STANDARD_LIBRARIES = YES;
				BUNDLE_LOADER = "$(TEST_HOST)";
				CODE_SIGN_STYLE = Automatic;
				INFOPLIST_FILE = XCodeStarterProjectTests/Info.plist;
				IPHONEOS_DEPLOYMENT_TARGET = 13.2;
				LD_RUNPATH_SEARCH_PATHS = (
					"$(inherited)",
					"@executable_path/Frameworks",
					"@loader_path/Frameworks",
				);
				PRODUCT_BUNDLE_IDENTIFIER = com.codebrust.starterproject.XCodeStarterProjectTests;
				PRODUCT_NAME = "$(TARGET_NAME)";
				SWIFT_VERSION = 5.0;
				TARGETED_DEVICE_FAMILY = "1,2";
				TEST_HOST = "$(BUILT_PRODUCTS_DIR)/XCodeStarterProject.app/XCodeStarterProject";
			};
			name = Debug;
		};
		29A5AABC24B1E59E003CD63D /* Release */ = {
			isa = XCBuildConfiguration;
			buildSettings = {
				ALWAYS_EMBED_SWIFT_STANDARD_LIBRARIES = YES;
				BUNDLE_LOADER = "$(TEST_HOST)";
				CODE_SIGN_STYLE = Automatic;
				INFOPLIST_FILE = XCodeStarterProjectTests/Info.plist;
				IPHONEOS_DEPLOYMENT_TARGET = 13.2;
				LD_RUNPATH_SEARCH_PATHS = (
					"$(inherited)",
					"@executable_path/Frameworks",
					"@loader_path/Frameworks",
				);
				PRODUCT_BUNDLE_IDENTIFIER = com.codebrust.starterproject.XCodeStarterProjectTests;
				PRODUCT_NAME = "$(TARGET_NAME)";
				SWIFT_VERSION = 5.0;
				TARGETED_DEVICE_FAMILY = "1,2";
				TEST_HOST = "$(BUILT_PRODUCTS_DIR)/XCodeStarterProject.app/XCodeStarterProject";
			};
			name = Release;
		};
		29A5AABE24B1E59E003CD63D /* Debug */ = {
			isa = XCBuildConfiguration;
			buildSettings = {
				ALWAYS_EMBED_SWIFT_STANDARD_LIBRARIES = YES;
				CODE_SIGN_STYLE = Automatic;
				INFOPLIST_FILE = XCodeStarterProjectUITests/Info.plist;
				LD_RUNPATH_SEARCH_PATHS = (
					"$(inherited)",
					"@executable_path/Frameworks",
					"@loader_path/Frameworks",
				);
				PRODUCT_BUNDLE_IDENTIFIER = com.codebrust.starterproject.XCodeStarterProjectUITests;
				PRODUCT_NAME = "$(TARGET_NAME)";
				SWIFT_VERSION = 5.0;
				TARGETED_DEVICE_FAMILY = "1,2";
				TEST_TARGET_NAME = XCodeStarterProject;
			};
			name = Debug;
		};
		29A5AABF24B1E59E003CD63D /* Release */ = {
			isa = XCBuildConfiguration;
			buildSettings = {
				ALWAYS_EMBED_SWIFT_STANDARD_LIBRARIES = YES;
				CODE_SIGN_STYLE = Automatic;
				INFOPLIST_FILE = XCodeStarterProjectUITests/Info.plist;
				LD_RUNPATH_SEARCH_PATHS = (
					"$(inherited)",
					"@executable_path/Frameworks",
					"@loader_path/Frameworks",
				);
				PRODUCT_BUNDLE_IDENTIFIER = com.codebrust.starterproject.XCodeStarterProjectUITests;
				PRODUCT_NAME = "$(TARGET_NAME)";
				SWIFT_VERSION = 5.0;
				TARGETED_DEVICE_FAMILY = "1,2";
				TEST_TARGET_NAME = XCodeStarterProject;
			};
			name = Release;
		};
/* End XCBuildConfiguration section */

/* Begin XCConfigurationList section */
		29A5AA8524B1E599003CD63D /* Build configuration list for PBXProject "XCodeStarterProject" */ = {
			isa = XCConfigurationList;
			buildConfigurations = (
				29A5AAB524B1E59E003CD63D /* Debug */,
				29A5AAB624B1E59E003CD63D /* Release */,
			);
			defaultConfigurationIsVisible = 0;
			defaultConfigurationName = Release;
		};
		29A5AAB724B1E59E003CD63D /* Build configuration list for PBXNativeTarget "XCodeStarterProject" */ = {
			isa = XCConfigurationList;
			buildConfigurations = (
				29A5AAB824B1E59E003CD63D /* Debug */,
				29A5AAB924B1E59E003CD63D /* Release */,
			);
			defaultConfigurationIsVisible = 0;
			defaultConfigurationName = Release;
		};
		29A5AABA24B1E59E003CD63D /* Build configuration list for PBXNativeTarget "XCodeStarterProjectTests" */ = {
			isa = XCConfigurationList;
			buildConfigurations = (
				29A5AABB24B1E59E003CD63D /* Debug */,
				29A5AABC24B1E59E003CD63D /* Release */,
			);
			defaultConfigurationIsVisible = 0;
			defaultConfigurationName = Release;
		};
		29A5AABD24B1E59E003CD63D /* Build configuration list for PBXNativeTarget "XCodeStarterProjectUITests" */ = {
			isa = XCConfigurationList;
			buildConfigurations = (
				29A5AABE24B1E59E003CD63D /* Debug */,
				29A5AABF24B1E59E003CD63D /* Release */,
			);
			defaultConfigurationIsVisible = 0;
			defaultConfigurationName = Release;
		};
/* End XCConfigurationList section */

/* Begin XCVersionGroup section */
		29A5AA9124B1E599003CD63D /* XCodeStarterProject.xcdatamodeld */ = {
			isa = XCVersionGroup;
			children = (
				29A5AA9224B1E599003CD63D /* XCodeStarterProject.xcdatamodel */,
			);
			currentVersion = 29A5AA9224B1E599003CD63D /* XCodeStarterProject.xcdatamodel */;
			path = XCodeStarterProject.xcdatamodeld;
			sourceTree = "<group>";
			versionGroupType = wrapper.xcdatamodel;
		};
/* End XCVersionGroup section */
	};
	rootObject = 29A5AA8224B1E599003CD63D /* Project object */;
}
